
Microsoft Visual Studio Solution File, Format Version 12.00
# Visual Studio Version 16
VisualStudioVersion = 16.0.30011.22
MinimumVisualStudioVersion = 10.0.40219.1
Project("{8BC9CEB8-8B4A-11D0-8D11-00A0C91BC942}") = "regextoMiniDFA", "regextoMiniDFA.vcxproj", "{14BFDBDE-8928-4F4E-9E3F-98C7A9889AEE}"
EndProject
Global
	GlobalSection(SolutionConfigurationPlatforms) = preSolution
		Debug|x64 = Debug|x64
		Debug|x86 = Debug|x86
		Release|x64 = Release|x64
		Release|x86 = Release|x86
	EndGlobalSection
	GlobalSection(ProjectConfigurationPlatforms) = postSolution
		{14BFDBDE-8928-4F4E-9E3F-98C7A9889AEE}.Debug|x64.ActiveCfg = Debug|x64
		{14BFDBDE-8928-4F4E-9E3F-98C7A9889AEE}.Debug|x64.Build.0 = Debug|x64
		{14BFDBDE-8928-4F4E-9E3F-98C7A9889AEE}.Debug|x86.ActiveCfg = Debug|Win32
		{14BFDBDE-8928-4F4E-9E3F-98C7A9889AEE}.Debug|x86.Build.0 = Debug|Win32
		{14BFDBDE-8928-4F4E-9E3F-98C7A9889AEE}.Release|x64.ActiveCfg = Release|x64
		{14BFDBDE-8928-4F4E-9E3F-98C7A9889AEE}.Release|x64.Build.0 = Release|x64
		{14BFDBDE-8928-4F4E-9E3F-98C7A9889AEE}.Release|x86.ActiveCfg = Release|Win32
		{14BFDBDE-8928-4F4E-9E3F-98C7A9889AEE}.Release|x86.Build.0 = Release|Win32
	EndGlobalSection
	GlobalSection(SolutionProperties) = preSolution
		HideSolutionNode = FALSE
	EndGlobalSection
	GlobalSection(ExtensibilityGlobals) = postSolution
		SolutionGuid = {6D857F27-F72C-405E-ADD6-B40658F9790C}
	EndGlobalSection
EndGlobal
